
Microsoft Visual Studio Solution File, Format Version 12.00
# Visual Studio 15
VisualStudioVersion = 15.0.27703.2026
MinimumVisualStudioVersion = 10.0.40219.1
Project("{FAE04EC0-301F-11D3-BF4B-00C04F79EFBC}") = "Sample.Mvc", "Sample.Mvc\Sample.Mvc.csproj", "{4AAE2907-EABC-4010-B81F-9EB36E4F30A8}"
EndProject
Project("{FAE04EC0-301F-11D3-BF4B-00C04F79EFBC}") = "Sample.RazorLib", "Sample.RazorLib\Sample.RazorLib.csproj", "{563E631C-517B-4D6F-ABB9-7CE6BF0FF4A2}"
EndProject
Project("{FAE04EC0-301F-11D3-BF4B-00C04F79EFBC}") = "Sample.ClassLib", "Sample.ClassLib\Sample.ClassLib.csproj", "{0DD046BB-1F0F-4F1E-B67E-C629C4C001D1}"
EndProject
Global
	GlobalSection(SolutionConfigurationPlatforms) = preSolution
		Debug|Any CPU = Debug|Any CPU
		Release|Any CPU = Release|Any CPU
	EndGlobalSection
	GlobalSection(ProjectConfigurationPlatforms) = postSolution
		{4AAE2907-EABC-4010-B81F-9EB36E4F30A8}.Debug|Any CPU.ActiveCfg = Debug|Any CPU
		{4AAE2907-EABC-4010-B81F-9EB36E4F30A8}.Debug|Any CPU.Build.0 = Debug|Any CPU
		{4AAE2907-EABC-4010-B81F-9EB36E4F30A8}.Release|Any CPU.ActiveCfg = Release|Any CPU
		{4AAE2907-EABC-4010-B81F-9EB36E4F30A8}.Release|Any CPU.Build.0 = Release|Any CPU
		{563E631C-517B-4D6F-ABB9-7CE6BF0FF4A2}.Debug|Any CPU.ActiveCfg = Debug|Any CPU
		{563E631C-517B-4D6F-ABB9-7CE6BF0FF4A2}.Debug|Any CPU.Build.0 = Debug|Any CPU
		{563E631C-517B-4D6F-ABB9-7CE6BF0FF4A2}.Release|Any CPU.ActiveCfg = Release|Any CPU
		{563E631C-517B-4D6F-ABB9-7CE6BF0FF4A2}.Release|Any CPU.Build.0 = Release|Any CPU
		{0DD046BB-1F0F-4F1E-B67E-C629C4C001D1}.Debug|Any CPU.ActiveCfg = Debug|Any CPU
		{0DD046BB-1F0F-4F1E-B67E-C629C4C001D1}.Debug|Any CPU.Build.0 = Debug|Any CPU
		{0DD046BB-1F0F-4F1E-B67E-C629C4C001D1}.Release|Any CPU.ActiveCfg = Release|Any CPU
		{0DD046BB-1F0F-4F1E-B67E-C629C4C001D1}.Release|Any CPU.Build.0 = Release|Any CPU
	EndGlobalSection
	GlobalSection(SolutionProperties) = preSolution
		HideSolutionNode = FALSE
	EndGlobalSection
	GlobalSection(ExtensibilityGlobals) = postSolution
		SolutionGuid = {E20EA554-BE5A-4C97-83B6-19116E414352}
	EndGlobalSection
EndGlobal
